// !$*UTF8*$!
{
	archiveVersion = 1;
	classes = {
	};
	objectVersion = 77;
	objects = {

/* Begin PBXContainerItemProxy section */
		6F5E0CC32D4B609100401895 /* PBXContainerItemProxy */ = {
			isa = PBXContainerItemProxy;
			containerPortal = 6F5E0CA42D4B608000401895 /* Project object */;
			proxyType = 1;
			remoteGlobalIDString = 6F5E0CAB2D4B608000401895;
			remoteInfo = AccountDetails;
		};
		6F5E0CCD2D4B609100401895 /* PBXContainerItemProxy */ = {
			isa = PBXContainerItemProxy;
			containerPortal = 6F5E0CA42D4B608000401895 /* Project object */;
			proxyType = 1;
			remoteGlobalIDString = 6F5E0CAB2D4B608000401895;
			remoteInfo = AccountDetails;
		};
/* End PBXContainerItemProxy section */

/* Begin PBXFileReference section */
		6F5E0CAC2D4B608000401895 /* AccountDetails.app */ = {isa = PBXFileReference; explicitFileType = wrapper.application; includeInIndex = 0; path = AccountDetails.app; sourceTree = BUILT_PRODUCTS_DIR; };
		6F5E0CC22D4B609100401895 /* AccountDetailsTests.xctest */ = {isa = PBXFileReference; explicitFileType = wrapper.cfbundle; includeInIndex = 0; path = AccountDetailsTests.xctest; sourceTree = BUILT_PRODUCTS_DIR; };
		6F5E0CCC2D4B609100401895 /* AccountDetailsUITests.xctest */ = {isa = PBXFileReference; explicitFileType = wrapper.cfbundle; includeInIndex = 0; path = AccountDetailsUITests.xctest; sourceTree = BUILT_PRODUCTS_DIR; };
/* End PBXFileReference section */

/* Begin PBXFileSystemSynchronizedBuildFileExceptionSet section */
		6F5E0CD42D4B609100401895 /* Exceptions for "AccountDetails" folder in "AccountDetails" target */ = {
			isa = PBXFileSystemSynchronizedBuildFileExceptionSet;
			membershipExceptions = (
				Info.plist,
			);
			target = 6F5E0CAB2D4B608000401895 /* AccountDetails */;
		};
/* End PBXFileSystemSynchronizedBuildFileExceptionSet section */

/* Begin PBXFileSystemSynchronizedRootGroup section */
		6F5E0CAE2D4B608000401895 /* AccountDetails */ = {
			isa = PBXFileSystemSynchronizedRootGroup;
			exceptions = (
				6F5E0CD42D4B609100401895 /* Exceptions for "AccountDetails" folder in "AccountDetails" target */,
			);
			path = AccountDetails;
			sourceTree = "<group>";
		};
		6F5E0CC52D4B609100401895 /* AccountDetailsTests */ = {
			isa = PBXFileSystemSynchronizedRootGroup;
			path = AccountDetailsTests;
			sourceTree = "<group>";
		};
		6F5E0CCF2D4B609100401895 /* AccountDetailsUITests */ = {
			isa = PBXFileSystemSynchronizedRootGroup;
			path = AccountDetailsUITests;
			sourceTree = "<group>";
		};
/* End PBXFileSystemSynchronizedRootGroup section */

/* Begin PBXFrameworksBuildPhase section */
		6F5E0CA92D4B608000401895 /* Frameworks */ = {
			isa = PBXFrameworksBuildPhase;
			buildActionMask = 2147483647;
			files = (
			);
			runOnlyForDeploymentPostprocessing = 0;
		};
		6F5E0CBF2D4B609100401895 /* Frameworks */ = {
			isa = PBXFrameworksBuildPhase;
			buildActionMask = 2147483647;
			files = (
			);
			runOnlyForDeploymentPostprocessing = 0;
		};
		6F5E0CC92D4B609100401895 /* Frameworks */ = {
			isa = PBXFrameworksBuildPhase;
			buildActionMask = 2147483647;
			files = (
			);
			runOnlyForDeploymentPostprocessing = 0;
		};
/* End PBXFrameworksBuildPhase section */

/* Begin PBXGroup section */
		6F5E0CA32D4B608000401895 = {
			isa = PBXGroup;
			children = (
				6F5E0CAE2D4B608000401895 /* AccountDetails */,
				6F5E0CC52D4B609100401895 /* AccountDetailsTests */,
				6F5E0CCF2D4B609100401895 /* AccountDetailsUITests */,
				6F5E0CAD2D4B608000401895 /* Products */,
			);
			sourceTree = "<group>";
		};
		6F5E0CAD2D4B608000401895 /* Products */ = {
			isa = PBXGroup;
			children = (
				6F5E0CAC2D4B608000401895 /* AccountDetails.app */,
				6F5E0CC22D4B609100401895 /* AccountDetailsTests.xctest */,
				6F5E0CCC2D4B609100401895 /* AccountDetailsUITests.xctest */,
			);
			name = Products;
			sourceTree = "<group>";
		};
/* End PBXGroup section */

/* Begin PBXNativeTarget section */
		6F5E0CAB2D4B608000401895 /* AccountDetails */ = {
			isa = PBXNativeTarget;
			buildConfigurationList = 6F5E0CD52D4B609100401895 /* Build configuration list for PBXNativeTarget "AccountDetails" */;
			buildPhases = (
				6F5E0CA82D4B608000401895 /* Sources */,
				6F5E0CA92D4B608000401895 /* Frameworks */,
				6F5E0CAA2D4B608000401895 /* Resources */,
			);
			buildRules = (
			);
			dependencies = (
			);
			fileSystemSynchronizedGroups = (
				6F5E0CAE2D4B608000401895 /* AccountDetails */,
			);
			name = AccountDetails;
			packageProductDependencies = (
			);
			productName = AccountDetails;
			productReference = 6F5E0CAC2D4B608000401895 /* AccountDetails.app */;
			productType = "com.apple.product-type.application";
		};
		6F5E0CC12D4B609100401895 /* AccountDetailsTests */ = {
			isa = PBXNativeTarget;
			buildConfigurationList = 6F5E0CDA2D4B609100401895 /* Build configuration list for PBXNativeTarget "AccountDetailsTests" */;
			buildPhases = (
				6F5E0CBE2D4B609100401895 /* Sources */,
				6F5E0CBF2D4B609100401895 /* Frameworks */,
				6F5E0CC02D4B609100401895 /* Resources */,
			);
			buildRules = (
			);
			dependencies = (
				6F5E0CC42D4B609100401895 /* PBXTargetDependency */,
			);
			fileSystemSynchronizedGroups = (
				6F5E0CC52D4B609100401895 /* AccountDetailsTests */,
			);
			name = AccountDetailsTests;
			packageProductDependencies = (
			);
			productName = AccountDetailsTests;
			productReference = 6F5E0CC22D4B609100401895 /* AccountDetailsTests.xctest */;
			productType = "com.apple.product-type.bundle.unit-test";
		};
		6F5E0CCB2D4B609100401895 /* AccountDetailsUITests */ = {
			isa = PBXNativeTarget;
			buildConfigurationList = 6F5E0CDD2D4B609100401895 /* Build configuration list for PBXNativeTarget "AccountDetailsUITests" */;
			buildPhases = (
				6F5E0CC82D4B609100401895 /* Sources */,
				6F5E0CC92D4B609100401895 /* Frameworks */,
				6F5E0CCA2D4B609100401895 /* Resources */,
			);
			buildRules = (
			);
			dependencies = (
				6F5E0CCE2D4B609100401895 /* PBXTargetDependency */,
			);
			fileSystemSynchronizedGroups = (
				6F5E0CCF2D4B609100401895 /* AccountDetailsUITests */,
			);
			name = AccountDetailsUITests;
			packageProductDependencies = (
			);
			productName = AccountDetailsUITests;
			productReference = 6F5E0CCC2D4B609100401895 /* AccountDetailsUITests.xctest */;
			productType = "com.apple.product-type.bundle.ui-testing";
		};
/* End PBXNativeTarget section */

/* Begin PBXProject section */
		6F5E0CA42D4B608000401895 /* Project object */ = {
			isa = PBXProject;
			attributes = {
				BuildIndependentTargetsInParallel = 1;
				LastSwiftUpdateCheck = 1620;
				LastUpgradeCheck = 1620;
				TargetAttributes = {
					6F5E0CAB2D4B608000401895 = {
						CreatedOnToolsVersion = 16.2;
					};
					6F5E0CC12D4B609100401895 = {
						CreatedOnToolsVersion = 16.2;
						TestTargetID = 6F5E0CAB2D4B608000401895;
					};
					6F5E0CCB2D4B609100401895 = {
						CreatedOnToolsVersion = 16.2;
						TestTargetID = 6F5E0CAB2D4B608000401895;
					};
				};
			};
			buildConfigurationList = 6F5E0CA72D4B608000401895 /* Build configuration list for PBXProject "AccountDetails" */;
			developmentRegion = en;
			hasScannedForEncodings = 0;
			knownRegions = (
				en,
				Base,
			);
			mainGroup = 6F5E0CA32D4B608000401895;
			minimizedProjectReferenceProxies = 1;
			preferredProjectObjectVersion = 77;
			productRefGroup = 6F5E0CAD2D4B608000401895 /* Products */;
			projectDirPath = "";
			projectRoot = "";
			targets = (
				6F5E0CAB2D4B608000401895 /* AccountDetails */,
				6F5E0CC12D4B609100401895 /* AccountDetailsTests */,
				6F5E0CCB2D4B609100401895 /* AccountDetailsUITests */,
			);
		};
/* End PBXProject section */

/* Begin PBXResourcesBuildPhase section */
		6F5E0CAA2D4B608000401895 /* Resources */ = {
			isa = PBXResourcesBuildPhase;
			buildActionMask = 2147483647;
			files = (
			);
			runOnlyForDeploymentPostprocessing = 0;
		};
		6F5E0CC02D4B609100401895 /* Resources */ = {
			isa = PBXResourcesBuildPhase;
			buildActionMask = 2147483647;
			files = (
			);
			runOnlyForDeploymentPostprocessing = 0;
		};
		6F5E0CCA2D4B609100401895 /* Resources */ = {
			isa = PBXResourcesBuildPhase;
			buildActionMask = 2147483647;
			files = (
			);
			runOnlyForDeploymentPostprocessing = 0;
		};
/* End PBXResourcesBuildPhase section */

/* Begin PBXSourcesBuildPhase section */
		6F5E0CA82D4B608000401895 /* Sources */ = {
			isa = PBXSourcesBuildPhase;
			buildActionMask = 2147483647;
			files = (
			);
			runOnlyForDeploymentPostprocessing = 0;
		};
		6F5E0CBE2D4B609100401895 /* Sources */ = {
			isa = PBXSourcesBuildPhase;
			buildActionMask = 2147483647;
			files = (
			);
			runOnlyForDeploymentPostprocessing = 0;
		};
		6F5E0CC82D4B609100401895 /* Sources */ = {
			isa = PBXSourcesBuildPhase;
			buildActionMask = 2147483647;
			files = (
			);
			runOnlyForDeploymentPostprocessing = 0;
		};
/* End PBXSourcesBuildPhase section */

/* Begin PBXTargetDependency section */
		6F5E0CC42D4B609100401895 /* PBXTargetDependency */ = {
			isa = PBXTargetDependency;
			target = 6F5E0CAB2D4B608000401895 /* AccountDetails */;
			targetProxy = 6F5E0CC32D4B609100401895 /* PBXContainerItemProxy */;
		};
		6F5E0CCE2D4B609100401895 /* PBXTargetDependency */ = {
			isa = PBXTargetDependency;
			target = 6F5E0CAB2D4B608000401895 /* AccountDetails */;
			targetProxy = 6F5E0CCD2D4B609100401895 /* PBXContainerItemProxy */;
		};
/* End PBXTargetDependency section */

/* Begin XCBuildConfiguration section */
		6F5E0CD62D4B609100401895 /* Debug */ = {
			isa = XCBuildConfiguration;
			buildSettings = {
				ASSETCATALOG_COMPILER_APPICON_NAME = AppIcon;
				ASSETCATALOG_COMPILER_GLOBAL_ACCENT_COLOR_NAME = AccentColor;
				CODE_SIGN_STYLE = Automatic;
				CURRENT_PROJECT_VERSION = 1;
				DEVELOPMENT_TEAM = 4NS79YNG7D;
				GENERATE_INFOPLIST_FILE = YES;
				INFOPLIST_FILE = AccountDetails/Info.plist;
				INFOPLIST_KEY_UIApplicationSupportsIndirectInputEvents = YES;
				INFOPLIST_KEY_UILaunchStoryboardName = LaunchScreen;
				INFOPLIST_KEY_UIMainStoryboardFile = Main;
				INFOPLIST_KEY_UISupportedInterfaceOrientations_iPad = "UIInterfaceOrientationPortrait UIInterfaceOrientationPortraitUpsideDown UIInterfaceOrientationLandscapeLeft UIInterfaceOrientationLandscapeRight";
				INFOPLIST_KEY_UISupportedInterfaceOrientations_iPhone = "UIInterfaceOrientationPortrait UIInterfaceOrientationLandscapeLeft UIInterfaceOrientationLandscapeRight";
				LD_RUNPATH_SEARCH_PATHS = (
					"$(inherited)",
					"@executable_path/Frameworks",
				);
				MARKETING_VERSION = 1.0;
				PRODUCT_BUNDLE_IDENTIFIER = com.oyo.AccountDetails;
				PRODUCT_NAME = "$(TARGET_NAME)";
				SWIFT_EMIT_LOC_STRINGS = YES;
				SWIFT_VERSION = 5.0;
				TARGETED_DEVICE_FAMILY = "1,2";
			};
			name = Debug;
		};
		6F5E0CD72D4B609100401895 /* Release */ = {
			isa = XCBuildConfiguration;
			buildSettings = {
				ASSETCATALOG_COMPILER_APPICON_NAME = AppIcon;
				ASSETCATALOG_COMPILER_GLOBAL_ACCENT_COLOR_NAME = AccentColor;
				CODE_SIGN_STYLE = Automatic;
				CURRENT_PROJECT_VERSION = 1;
				DEVELOPMENT_TEAM = 4NS79YNG7D;
				GENERATE_INFOPLIST_FILE = YES;
				INFOPLIST_FILE = AccountDetails/Info.plist;
				INFOPLIST_KEY_UIApplicationSupportsIndirectInputEvents = YES;
				INFOPLIST_KEY_UILaunchStoryboardName = LaunchScreen;
				INFOPLIST_KEY_UIMainStoryboardFile = Main;
				INFOPLIST_KEY_UISupportedInterfaceOrientations_iPad = "UIInterfaceOrientationPortrait UIInterfaceOrientationPortraitUpsideDown UIInterfaceOrientationLandscapeLeft UIInterfaceOrientationLandscapeRight";
				INFOPLIST_KEY_UISupportedInterfaceOrientations_iPhone = "UIInterfaceOrientationPortrait UIInterfaceOrientationLandscapeLeft UIInterfaceOrientationLandscapeRight";
				LD_RUNPATH_SEARCH_PATHS = (
					"$(inherited)",
					"@executable_path/Frameworks",
				);
				MARKETING_VERSION = 1.0;
				PRODUCT_BUNDLE_IDENTIFIER = com.oyo.AccountDetails;
				PRODUCT_NAME = "$(TARGET_NAME)";
				SWIFT_EMIT_LOC_STRINGS = YES;
				SWIFT_VERSION = 5.0;
				TARGETED_DEVICE_FAMILY = "1,2";
			};
			name = Release;
		};
		6F5E0CD82D4B609100401895 /* Debug */ = {
			isa = XCBuildConfiguration;
			buildSettings = {
				ALWAYS_SEARCH_USER_PATHS = NO;
				ASSETCATALOG_COMPILER_GENERATE_SWIFT_ASSET_SYMBOL_EXTENSIONS = YES;
				CLANG_ANALYZER_NONNULL = YES;
				CLANG_ANALYZER_NUMBER_OBJECT_CONVERSION = YES_AGGRESSIVE;
				CLANG_CXX_LANGUAGE_STANDARD = "gnu++20";
				CLANG_ENABLE_MODULES = YES;
				CLANG_ENABLE_OBJC_ARC = YES;
				CLANG_ENABLE_OBJC_WEAK = YES;
				CLANG_WARN_BLOCK_CAPTURE_AUTORELEASING = YES;
				CLANG_WARN_BOOL_CONVERSION = YES;
				CLANG_WARN_COMMA = YES;
				CLANG_WARN_CONSTANT_CONVERSION = YES;
				CLANG_WARN_DEPRECATED_OBJC_IMPLEMENTATIONS = YES;
				CLANG_WARN_DIRECT_OBJC_ISA_USAGE = YES_ERROR;
				CLANG_WARN_DOCUMENTATION_COMMENTS = YES;
				CLANG_WARN_EMPTY_BODY = YES;
				CLANG_WARN_ENUM_CONVERSION = YES;
				CLANG_WARN_INFINITE_RECURSION = YES;
				CLANG_WARN_INT_CONVERSION = YES;
				CLANG_WARN_NON_LITERAL_NULL_CONVERSION = YES;
				CLANG_WARN_OBJC_IMPLICIT_RETAIN_SELF = YES;
				CLANG_WARN_OBJC_LITERAL_CONVERSION = YES;
				CLANG_WARN_OBJC_ROOT_CLASS = YES_ERROR;
				CLANG_WARN_QUOTED_INCLUDE_IN_FRAMEWORK_HEADER = YES;
				CLANG_WARN_RANGE_LOOP_ANALYSIS = YES;
				CLANG_WARN_STRICT_PROTOTYPES = YES;
				CLANG_WARN_SUSPICIOUS_MOVE = YES;
				CLANG_WARN_UNGUARDED_AVAILABILITY = YES_AGGRESSIVE;
				CLANG_WARN_UNREACHABLE_CODE = YES;
				CLANG_WARN__DUPLICATE_METHOD_MATCH = YES;
				COPY_PHASE_STRIP = NO;
				DEBUG_INFORMATION_FORMAT = dwarf;
				ENABLE_STRICT_OBJC_MSGSEND = YES;
				ENABLE_TESTABILITY = YES;
				ENABLE_USER_SCRIPT_SANDBOXING = YES;
				GCC_C_LANGUAGE_STANDARD = gnu17;
				GCC_DYNAMIC_NO_PIC = NO;
				GCC_NO_COMMON_BLOCKS = YES;
				GCC_OPTIMIZATION_LEVEL = 0;
				GCC_PREPROCESSOR_DEFINITIONS = (
					"DEBUG=1",
					"$(inherited)",
				);
				GCC_WARN_64_TO_32_BIT_CONVERSION = YES;
				GCC_WARN_ABOUT_RETURN_TYPE = YES_ERROR;
				GCC_WARN_UNDECLARED_SELECTOR = YES;
				GCC_WARN_UNINITIALIZED_AUTOS = YES_AGGRESSIVE;
				GCC_WARN_UNUSED_FUNCTION = YES;
				GCC_WARN_UNUSED_VARIABLE = YES;
				IPHONEOS_DEPLOYMENT_TARGET = 18.2;
				LOCALIZATION_PREFERS_STRING_CATALOGS = YES;
				MTL_ENABLE_DEBUG_INFO = INCLUDE_SOURCE;
				MTL_FAST_MATH = YES;
				ONLY_ACTIVE_ARCH = YES;
				SDKROOT = iphoneos;
				SWIFT_ACTIVE_COMPILATION_CONDITIONS = "DEBUG $(inherited)";
				SWIFT_OPTIMIZATION_LEVEL = "-Onone";
			};
			name = Debug;
		};
		6F5E0CD92D4B609100401895 /* Release */ = {
			isa = XCBuildConfiguration;
			buildSettings = {
				ALWAYS_SEARCH_USER_PATHS = NO;
				ASSETCATALOG_COMPILER_GENERATE_SWIFT_ASSET_SYMBOL_EXTENSIONS = YES;
				CLANG_ANALYZER_NONNULL = YES;
				CLANG_ANALYZER_NUMBER_OBJECT_CONVERSION = YES_AGGRESSIVE;
				CLANG_CXX_LANGUAGE_STANDARD = "gnu++20";
				CLANG_ENABLE_MODULES = YES;
				CLANG_ENABLE_OBJC_ARC = YES;
				CLANG_ENABLE_OBJC_WEAK = YES;
				CLANG_WARN_BLOCK_CAPTURE_AUTORELEASING = YES;
				CLANG_WARN_BOOL_CONVERSION = YES;
				CLANG_WARN_COMMA = YES;
				CLANG_WARN_CONSTANT_CONVERSION = YES;
				CLANG_WARN_DEPRECATED_OBJC_IMPLEMENTATIONS = YES;
				CLANG_WARN_DIRECT_OBJC_ISA_USAGE = YES_ERROR;
				CLANG_WARN_DOCUMENTATION_COMMENTS = YES;
				CLANG_WARN_EMPTY_BODY = YES;
				CLANG_WARN_ENUM_CONVERSION = YES;
				CLANG_WARN_INFINITE_RECURSION = YES;
				CLANG_WARN_INT_CONVERSION = YES;
				CLANG_WARN_NON_LITERAL_NULL_CONVERSION = YES;
				CLANG_WARN_OBJC_IMPLICIT_RETAIN_SELF = YES;
				CLANG_WARN_OBJC_LITERAL_CONVERSION = YES;
				CLANG_WARN_OBJC_ROOT_CLASS = YES_ERROR;
				CLANG_WARN_QUOTED_INCLUDE_IN_FRAMEWORK_HEADER = YES;
				CLANG_WARN_RANGE_LOOP_ANALYSIS = YES;
				CLANG_WARN_STRICT_PROTOTYPES = YES;
				CLANG_WARN_SUSPICIOUS_MOVE = YES;
				CLANG_WARN_UNGUARDED_AVAILABILITY = YES_AGGRESSIVE;
				CLANG_WARN_UNREACHABLE_CODE = YES;
				CLANG_WARN__DUPLICATE_METHOD_MATCH = YES;
				COPY_PHASE_STRIP = NO;
				DEBUG_INFORMATION_FORMAT = "dwarf-with-dsym";
				ENABLE_NS_ASSERTIONS = NO;
				ENABLE_STRICT_OBJC_MSGSEND = YES;
				ENABLE_USER_SCRIPT_SANDBOXING = YES;
				GCC_C_LANGUAGE_STANDARD = gnu17;
				GCC_NO_COMMON_BLOCKS = YES;
				GCC_WARN_64_TO_32_BIT_CONVERSION = YES;
				GCC_WARN_ABOUT_RETURN_TYPE = YES_ERROR;
				GCC_WARN_UNDECLARED_SELECTOR = YES;
				GCC_WARN_UNINITIALIZED_AUTOS = YES_AGGRESSIVE;
				GCC_WARN_UNUSED_FUNCTION = YES;
				GCC_WARN_UNUSED_VARIABLE = YES;
				IPHONEOS_DEPLOYMENT_TARGET = 18.2;
				LOCALIZATION_PREFERS_STRING_CATALOGS = YES;
				MTL_ENABLE_DEBUG_INFO = NO;
				MTL_FAST_MATH = YES;
				SDKROOT = iphoneos;
				SWIFT_COMPILATION_MODE = wholemodule;
				VALIDATE_PRODUCT = YES;
			};
			name = Release;
		};
		6F5E0CDB2D4B609100401895 /* Debug */ = {
			isa = XCBuildConfiguration;
			buildSettings = {
				BUNDLE_LOADER = "$(TEST_HOST)";
				CODE_SIGN_STYLE = Automatic;
				CURRENT_PROJECT_VERSION = 1;
				DEVELOPMENT_TEAM = 4NS79YNG7D;
				GENERATE_INFOPLIST_FILE = YES;
				IPHONEOS_DEPLOYMENT_TARGET = 18.2;
				MARKETING_VERSION = 1.0;
				PRODUCT_BUNDLE_IDENTIFIER = com.oyo.AccountDetailsTests;
				PRODUCT_NAME = "$(TARGET_NAME)";
				SWIFT_EMIT_LOC_STRINGS = NO;
				SWIFT_VERSION = 5.0;
				TARGETED_DEVICE_FAMILY = "1,2";
				TEST_HOST = "$(BUILT_PRODUCTS_DIR)/AccountDetails.app/$(BUNDLE_EXECUTABLE_FOLDER_PATH)/AccountDetails";
			};
			name = Debug;
		};
		6F5E0CDC2D4B609100401895 /* Release */ = {
			isa = XCBuildConfiguration;
			buildSettings = {
				BUNDLE_LOADER = "$(TEST_HOST)";
				CODE_SIGN_STYLE = Automatic;
				CURRENT_PROJECT_VERSION = 1;
				DEVELOPMENT_TEAM = 4NS79YNG7D;
				GENERATE_INFOPLIST_FILE = YES;
				IPHONEOS_DEPLOYMENT_TARGET = 18.2;
				MARKETING_VERSION = 1.0;
				PRODUCT_BUNDLE_IDENTIFIER = com.oyo.AccountDetailsTests;
				PRODUCT_NAME = "$(TARGET_NAME)";
				SWIFT_EMIT_LOC_STRINGS = NO;
				SWIFT_VERSION = 5.0;
				TARGETED_DEVICE_FAMILY = "1,2";
				TEST_HOST = "$(BUILT_PRODUCTS_DIR)/AccountDetails.app/$(BUNDLE_EXECUTABLE_FOLDER_PATH)/AccountDetails";
			};
			name = Release;
		};
		6F5E0CDE2D4B609100401895 /* Debug */ = {
			isa = XCBuildConfiguration;
			buildSettings = {
				CODE_SIGN_STYLE = Automatic;
				CURRENT_PROJECT_VERSION = 1;
				DEVELOPMENT_TEAM = 4NS79YNG7D;
				GENERATE_INFOPLIST_FILE = YES;
				MARKETING_VERSION = 1.0;
				PRODUCT_BUNDLE_IDENTIFIER = com.oyo.AccountDetailsUITests;
				PRODUCT_NAME = "$(TARGET_NAME)";
				SWIFT_EMIT_LOC_STRINGS = NO;
				SWIFT_VERSION = 5.0;
				TARGETED_DEVICE_FAMILY = "1,2";
				TEST_TARGET_NAME = AccountDetails;
			};
			name = Debug;
		};
		6F5E0CDF2D4B609100401895 /* Release */ = {
			isa = XCBuildConfiguration;
			buildSettings = {
				CODE_SIGN_STYLE = Automatic;
				CURRENT_PROJECT_VERSION = 1;
				DEVELOPMENT_TEAM = 4NS79YNG7D;
				GENERATE_INFOPLIST_FILE = YES;
				MARKETING_VERSION = 1.0;
				PRODUCT_BUNDLE_IDENTIFIER = com.oyo.AccountDetailsUITests;
				PRODUCT_NAME = "$(TARGET_NAME)";
				SWIFT_EMIT_LOC_STRINGS = NO;
				SWIFT_VERSION = 5.0;
				TARGETED_DEVICE_FAMILY = "1,2";
				TEST_TARGET_NAME = AccountDetails;
			};
			name = Release;
		};
/* End XCBuildConfiguration section */

/* Begin XCConfigurationList section */
		6F5E0CA72D4B608000401895 /* Build configuration list for PBXProject "AccountDetails" */ = {
			isa = XCConfigurationList;
			buildConfigurations = (
				6F5E0CD82D4B609100401895 /* Debug */,
				6F5E0CD92D4B609100401895 /* Release */,
			);
			defaultConfigurationIsVisible = 0;
			defaultConfigurationName = Release;
		};
		6F5E0CD52D4B609100401895 /* Build configuration list for PBXNativeTarget "AccountDetails" */ = {
			isa = XCConfigurationList;
			buildConfigurations = (
				6F5E0CD62D4B609100401895 /* Debug */,
				6F5E0CD72D4B609100401895 /* Release */,
			);
			defaultConfigurationIsVisible = 0;
			defaultConfigurationName = Release;
		};
		6F5E0CDA2D4B609100401895 /* Build configuration list for PBXNativeTarget "AccountDetailsTests" */ = {
			isa = XCConfigurationList;
			buildConfigurations = (
				6F5E0CDB2D4B609100401895 /* Debug */,
				6F5E0CDC2D4B609100401895 /* Release */,
			);
			defaultConfigurationIsVisible = 0;
			defaultConfigurationName = Release;
		};
		6F5E0CDD2D4B609100401895 /* Build configuration list for PBXNativeTarget "AccountDetailsUITests" */ = {
			isa = XCConfigurationList;
			buildConfigurations = (
				6F5E0CDE2D4B609100401895 /* Debug */,
				6F5E0CDF2D4B609100401895 /* Release */,
			);
			defaultConfigurationIsVisible = 0;
			defaultConfigurationName = Release;
		};
/* End XCConfigurationList section */
	};
	rootObject = 6F5E0CA42D4B608000401895 /* Project object */;
}
